
Microsoft Visual Studio Solution File, Format Version 12.00
# Visual Studio Version 17
VisualStudioVersion = 17.5.33516.290
MinimumVisualStudioVersion = 10.0.40219.1
Project("{2150E333-8FDC-42A3-9474-1A3956D46DE8}") = "Src", "Src", "{B3896FF6-4862-4A26-A330-4BE5A53543F6}"
EndProject
Project("{2150E333-8FDC-42A3-9474-1A3956D46DE8}") = "Tests", "Tests", "{DBB822CB-D81B-4437-AEB4-D4FC746D4526}"
EndProject
Project("{2150E333-8FDC-42A3-9474-1A3956D46DE8}") = "Fundamentals", "Fundamentals", "{644C53D4-472A-4DC3-9309-8283760C5076}"
EndProject
Project("{2150E333-8FDC-42A3-9474-1A3956D46DE8}") = "KeyConcepts", "KeyConcepts", "{AA8506BD-7323-40FA-911B-E0BF80E619A4}"
EndProject
Project("{2150E333-8FDC-42A3-9474-1A3956D46DE8}") = "LearnToProgram", "LearnToProgram", "{0F4DB691-5AE4-42D4-90A2-F6B61FA9AEED}"
EndProject
Project("{9A19103F-16F7-4668-BE54-9A1E7A4F7556}") = "IntroductionSamples", "Src\LearnToProgram\IntroductionSamples\IntroductionSamples.csproj", "{4EA1227D-6D5F-41FA-BD9C-040E0A6252F8}"
EndProject
Project("{2150E333-8FDC-42A3-9474-1A3956D46DE8}") = "LanguageReference", "LanguageReference", "{0FB19B78-B70F-4268-9198-6DCD26E97B66}"
EndProject
Project("{9A19103F-16F7-4668-BE54-9A1E7A4F7556}") = "AccessModifiers", "Src\LanguageReference\AccessModifiers\AccessModifiers.csproj", "{0D9E182F-8CF9-47B1-97E6-8D30A78AD16E}"
EndProject
Project("{9A19103F-16F7-4668-BE54-9A1E7A4F7556}") = "ObjectAndClasses", "Src\Fundamentals\ObjectAndClasses\ObjectAndClasses.csproj", "{E38EB5FD-289D-4BAE-8EA2-0D0FD8FA2BB6}"
EndProject
Project("{9A19103F-16F7-4668-BE54-9A1E7A4F7556}") = "ExceptionsErrors", "Src\Fundamentals\ExceptionsErrors\ExceptionsErrors.csproj", "{8BC76647-949A-4B42-A6E2-58C13B731D60}"
EndProject
Project("{2150E333-8FDC-42A3-9474-1A3956D46DE8}") = "Tutorials", "Tutorials", "{7857D602-FA14-481B-AAA5-486FF3495E9F}"
EndProject
Project("{9A19103F-16F7-4668-BE54-9A1E7A4F7556}") = "FundamentalTutorial", "Src\Tutorials\FundamentalTutorial\FundamentalTutorial.csproj", "{34D93DF0-26BD-4C2A-B9C8-F742697CFD33}"
EndProject
Project("{9A19103F-16F7-4668-BE54-9A1E7A4F7556}") = "AsynchronousApp", "Src\Fundamentals\AsynchronousApp\AsynchronousApp.csproj", "{267BD8C9-41EC-40F8-AC9C-E423368E5498}"
EndProject
Project("{9A19103F-16F7-4668-BE54-9A1E7A4F7556}") = "KeyConceptConsoleApp", "Src\KeyConcepts\KeyConceptConsoleApp\KeyConceptConsoleApp.csproj", "{432D9346-DAED-4258-87D4-E3C336D81421}"
EndProject
Project("{9A19103F-16F7-4668-BE54-9A1E7A4F7556}") = "KeyConceptLibrary", "Src\KeyConcepts\KeyConceptLibrary\KeyConceptLibrary.csproj", "{FCFD0396-4834-4E61-8AD8-F6ABF7E1997D}"
EndProject
Project("{9A19103F-16F7-4668-BE54-9A1E7A4F7556}") = "NullableLibrary", "Src\KeyConcepts\NullableLibrary\NullableLibrary.csproj", "{F38E504A-26F4-4B58-A381-A035C9CA0374}"
EndProject
Project("{2150E333-8FDC-42A3-9474-1A3956D46DE8}") = "Practises", "Practises", "{380728E2-5F7D-4750-A9E3-35696329437F}"
EndProject
Project("{9A19103F-16F7-4668-BE54-9A1E7A4F7556}") = "WhereIfDemo", "Src\Practises\WhereIfDemo\WhereIfDemo.csproj", "{2C2B39F0-47F1-48DC-84C1-EA981421D7D0}"
EndProject
Project("{2150E333-8FDC-42A3-9474-1A3956D46DE8}") = "Linq", "Linq", "{1C25FCBA-38FB-4A98-92C3-4ABABF64D56F}"
EndProject
Project("{9A19103F-16F7-4668-BE54-9A1E7A4F7556}") = "ConsoleAppLinq", "Src\Linq\ConsoleAppLinq\ConsoleAppLinq.csproj", "{71F9D8A8-075E-45E4-8252-B393DF1A2047}"
EndProject
Project("{9A19103F-16F7-4668-BE54-9A1E7A4F7556}") = "ConsoleAppWalkthrough", "Src\Linq\ConsoleAppWalkthrough\ConsoleAppWalkthrough.csproj", "{3C3E132B-E8DC-4449-9A9D-AF12D16DE614}"
EndProject
Project("{9A19103F-16F7-4668-BE54-9A1E7A4F7556}") = "ConsoleAppFileDirectories", "Src\Linq\ConsoleAppFileDirectories\ConsoleAppFileDirectories.csproj", "{FFBDCD26-E75F-4C17-9F65-24E81F10988C}"
EndProject
Project("{9A19103F-16F7-4668-BE54-9A1E7A4F7556}") = "ConsoleAppJoins", "Src\Linq\ConsoleAppJoins\ConsoleAppJoins.csproj", "{B06D00C5-BC93-427A-B84E-2A0930D021DD}"
EndProject
Project("{9A19103F-16F7-4668-BE54-9A1E7A4F7556}") = "DependencyInjection", "Src\Fundamentals\DependencyInjection\DependencyInjection.csproj", "{9CD97E99-A621-402E-A0E6-EEC39EA471E7}"
EndProject
Project("{2150E333-8FDC-42A3-9474-1A3956D46DE8}") = "AdvancedTopics", "AdvancedTopics", "{D059EAD4-2D06-40AD-9162-56AF39C2698D}"
EndProject
Project("{9A19103F-16F7-4668-BE54-9A1E7A4F7556}") = "AdvancedTopics", "Src\AdvancedTopics\AdvancedTopics\AdvancedTopics.csproj", "{EB4E8632-A394-45CE-88A0-7ADC05FFBE33}"
EndProject
Project("{9A19103F-16F7-4668-BE54-9A1E7A4F7556}") = "FundamentalsConsoleApp", "Src\Fundamentals\FundamentalsConsoleApp\FundamentalsConsoleApp.csproj", "{4804A251-C93C-4F65-AD92-C61B2BBFA56D}"
EndProject
Global
	GlobalSection(SolutionConfigurationPlatforms) = preSolution
		Debug|Any CPU = Debug|Any CPU
		Release|Any CPU = Release|Any CPU
	EndGlobalSection
	GlobalSection(ProjectConfigurationPlatforms) = postSolution
		{4EA1227D-6D5F-41FA-BD9C-040E0A6252F8}.Debug|Any CPU.ActiveCfg = Debug|Any CPU
		{4EA1227D-6D5F-41FA-BD9C-040E0A6252F8}.Debug|Any CPU.Build.0 = Debug|Any CPU
		{4EA1227D-6D5F-41FA-BD9C-040E0A6252F8}.Release|Any CPU.ActiveCfg = Release|Any CPU
		{4EA1227D-6D5F-41FA-BD9C-040E0A6252F8}.Release|Any CPU.Build.0 = Release|Any CPU
		{0D9E182F-8CF9-47B1-97E6-8D30A78AD16E}.Debug|Any CPU.ActiveCfg = Debug|Any CPU
		{0D9E182F-8CF9-47B1-97E6-8D30A78AD16E}.Debug|Any CPU.Build.0 = Debug|Any CPU
		{0D9E182F-8CF9-47B1-97E6-8D30A78AD16E}.Release|Any CPU.ActiveCfg = Release|Any CPU
		{0D9E182F-8CF9-47B1-97E6-8D30A78AD16E}.Release|Any CPU.Build.0 = Release|Any CPU
		{E38EB5FD-289D-4BAE-8EA2-0D0FD8FA2BB6}.Debug|Any CPU.ActiveCfg = Debug|Any CPU
		{E38EB5FD-289D-4BAE-8EA2-0D0FD8FA2BB6}.Debug|Any CPU.Build.0 = Debug|Any CPU
		{E38EB5FD-289D-4BAE-8EA2-0D0FD8FA2BB6}.Release|Any CPU.ActiveCfg = Release|Any CPU
		{E38EB5FD-289D-4BAE-8EA2-0D0FD8FA2BB6}.Release|Any CPU.Build.0 = Release|Any CPU
		{8BC76647-949A-4B42-A6E2-58C13B731D60}.Debug|Any CPU.ActiveCfg = Debug|Any CPU
		{8BC76647-949A-4B42-A6E2-58C13B731D60}.Debug|Any CPU.Build.0 = Debug|Any CPU
		{8BC76647-949A-4B42-A6E2-58C13B731D60}.Release|Any CPU.ActiveCfg = Release|Any CPU
		{8BC76647-949A-4B42-A6E2-58C13B731D60}.Release|Any CPU.Build.0 = Release|Any CPU
		{34D93DF0-26BD-4C2A-B9C8-F742697CFD33}.Debug|Any CPU.ActiveCfg = Debug|Any CPU
		{34D93DF0-26BD-4C2A-B9C8-F742697CFD33}.Debug|Any CPU.Build.0 = Debug|Any CPU
		{34D93DF0-26BD-4C2A-B9C8-F742697CFD33}.Release|Any CPU.ActiveCfg = Release|Any CPU
		{34D93DF0-26BD-4C2A-B9C8-F742697CFD33}.Release|Any CPU.Build.0 = Release|Any CPU
		{267BD8C9-41EC-40F8-AC9C-E423368E5498}.Debug|Any CPU.ActiveCfg = Debug|Any CPU
		{267BD8C9-41EC-40F8-AC9C-E423368E5498}.Debug|Any CPU.Build.0 = Debug|Any CPU
		{267BD8C9-41EC-40F8-AC9C-E423368E5498}.Release|Any CPU.ActiveCfg = Release|Any CPU
		{267BD8C9-41EC-40F8-AC9C-E423368E5498}.Release|Any CPU.Build.0 = Release|Any CPU
		{432D9346-DAED-4258-87D4-E3C336D81421}.Debug|Any CPU.ActiveCfg = Debug|Any CPU
		{432D9346-DAED-4258-87D4-E3C336D81421}.Debug|Any CPU.Build.0 = Debug|Any CPU
		{432D9346-DAED-4258-87D4-E3C336D81421}.Release|Any CPU.ActiveCfg = Release|Any CPU
		{432D9346-DAED-4258-87D4-E3C336D81421}.Release|Any CPU.Build.0 = Release|Any CPU
		{FCFD0396-4834-4E61-8AD8-F6ABF7E1997D}.Debug|Any CPU.ActiveCfg = Debug|Any CPU
		{FCFD0396-4834-4E61-8AD8-F6ABF7E1997D}.Debug|Any CPU.Build.0 = Debug|Any CPU
		{FCFD0396-4834-4E61-8AD8-F6ABF7E1997D}.Release|Any CPU.ActiveCfg = Release|Any CPU
		{FCFD0396-4834-4E61-8AD8-F6ABF7E1997D}.Release|Any CPU.Build.0 = Release|Any CPU
		{F38E504A-26F4-4B58-A381-A035C9CA0374}.Debug|Any CPU.ActiveCfg = Debug|Any CPU
		{F38E504A-26F4-4B58-A381-A035C9CA0374}.Debug|Any CPU.Build.0 = Debug|Any CPU
		{F38E504A-26F4-4B58-A381-A035C9CA0374}.Release|Any CPU.ActiveCfg = Release|Any CPU
		{F38E504A-26F4-4B58-A381-A035C9CA0374}.Release|Any CPU.Build.0 = Release|Any CPU
		{2C2B39F0-47F1-48DC-84C1-EA981421D7D0}.Debug|Any CPU.ActiveCfg = Debug|Any CPU
		{2C2B39F0-47F1-48DC-84C1-EA981421D7D0}.Debug|Any CPU.Build.0 = Debug|Any CPU
		{2C2B39F0-47F1-48DC-84C1-EA981421D7D0}.Release|Any CPU.ActiveCfg = Release|Any CPU
		{2C2B39F0-47F1-48DC-84C1-EA981421D7D0}.Release|Any CPU.Build.0 = Release|Any CPU
		{71F9D8A8-075E-45E4-8252-B393DF1A2047}.Debug|Any CPU.ActiveCfg = Debug|Any CPU
		{71F9D8A8-075E-45E4-8252-B393DF1A2047}.Debug|Any CPU.Build.0 = Debug|Any CPU
		{71F9D8A8-075E-45E4-8252-B393DF1A2047}.Release|Any CPU.ActiveCfg = Release|Any CPU
		{71F9D8A8-075E-45E4-8252-B393DF1A2047}.Release|Any CPU.Build.0 = Release|Any CPU
		{3C3E132B-E8DC-4449-9A9D-AF12D16DE614}.Debug|Any CPU.ActiveCfg = Debug|Any CPU
		{3C3E132B-E8DC-4449-9A9D-AF12D16DE614}.Debug|Any CPU.Build.0 = Debug|Any CPU
		{3C3E132B-E8DC-4449-9A9D-AF12D16DE614}.Release|Any CPU.ActiveCfg = Release|Any CPU
		{3C3E132B-E8DC-4449-9A9D-AF12D16DE614}.Release|Any CPU.Build.0 = Release|Any CPU
		{FFBDCD26-E75F-4C17-9F65-24E81F10988C}.Debug|Any CPU.ActiveCfg = Debug|Any CPU
		{FFBDCD26-E75F-4C17-9F65-24E81F10988C}.Debug|Any CPU.Build.0 = Debug|Any CPU
		{FFBDCD26-E75F-4C17-9F65-24E81F10988C}.Release|Any CPU.ActiveCfg = Release|Any CPU
		{FFBDCD26-E75F-4C17-9F65-24E81F10988C}.Release|Any CPU.Build.0 = Release|Any CPU
		{B06D00C5-BC93-427A-B84E-2A0930D021DD}.Debug|Any CPU.ActiveCfg = Debug|Any CPU
		{B06D00C5-BC93-427A-B84E-2A0930D021DD}.Debug|Any CPU.Build.0 = Debug|Any CPU
		{B06D00C5-BC93-427A-B84E-2A0930D021DD}.Release|Any CPU.ActiveCfg = Release|Any CPU
		{B06D00C5-BC93-427A-B84E-2A0930D021DD}.Release|Any CPU.Build.0 = Release|Any CPU
		{9CD97E99-A621-402E-A0E6-EEC39EA471E7}.Debug|Any CPU.ActiveCfg = Debug|Any CPU
		{9CD97E99-A621-402E-A0E6-EEC39EA471E7}.Debug|Any CPU.Build.0 = Debug|Any CPU
		{9CD97E99-A621-402E-A0E6-EEC39EA471E7}.Release|Any CPU.ActiveCfg = Release|Any CPU
		{9CD97E99-A621-402E-A0E6-EEC39EA471E7}.Release|Any CPU.Build.0 = Release|Any CPU
		{EB4E8632-A394-45CE-88A0-7ADC05FFBE33}.Debug|Any CPU.ActiveCfg = Debug|Any CPU
		{EB4E8632-A394-45CE-88A0-7ADC05FFBE33}.Debug|Any CPU.Build.0 = Debug|Any CPU
		{EB4E8632-A394-45CE-88A0-7ADC05FFBE33}.Release|Any CPU.ActiveCfg = Release|Any CPU
		{EB4E8632-A394-45CE-88A0-7ADC05FFBE33}.Release|Any CPU.Build.0 = Release|Any CPU
		{4804A251-C93C-4F65-AD92-C61B2BBFA56D}.Debug|Any CPU.ActiveCfg = Debug|Any CPU
		{4804A251-C93C-4F65-AD92-C61B2BBFA56D}.Debug|Any CPU.Build.0 = Debug|Any CPU
		{4804A251-C93C-4F65-AD92-C61B2BBFA56D}.Release|Any CPU.ActiveCfg = Release|Any CPU
		{4804A251-C93C-4F65-AD92-C61B2BBFA56D}.Release|Any CPU.Build.0 = Release|Any CPU
	EndGlobalSection
	GlobalSection(SolutionProperties) = preSolution
		HideSolutionNode = FALSE
	EndGlobalSection
	GlobalSection(NestedProjects) = preSolution
		{644C53D4-472A-4DC3-9309-8283760C5076} = {B3896FF6-4862-4A26-A330-4BE5A53543F6}
		{AA8506BD-7323-40FA-911B-E0BF80E619A4} = {B3896FF6-4862-4A26-A330-4BE5A53543F6}
		{0F4DB691-5AE4-42D4-90A2-F6B61FA9AEED} = {B3896FF6-4862-4A26-A330-4BE5A53543F6}
		{4EA1227D-6D5F-41FA-BD9C-040E0A6252F8} = {0F4DB691-5AE4-42D4-90A2-F6B61FA9AEED}
		{0FB19B78-B70F-4268-9198-6DCD26E97B66} = {B3896FF6-4862-4A26-A330-4BE5A53543F6}
		{0D9E182F-8CF9-47B1-97E6-8D30A78AD16E} = {0FB19B78-B70F-4268-9198-6DCD26E97B66}
		{E38EB5FD-289D-4BAE-8EA2-0D0FD8FA2BB6} = {644C53D4-472A-4DC3-9309-8283760C5076}
		{8BC76647-949A-4B42-A6E2-58C13B731D60} = {644C53D4-472A-4DC3-9309-8283760C5076}
		{7857D602-FA14-481B-AAA5-486FF3495E9F} = {B3896FF6-4862-4A26-A330-4BE5A53543F6}
		{34D93DF0-26BD-4C2A-B9C8-F742697CFD33} = {7857D602-FA14-481B-AAA5-486FF3495E9F}
		{267BD8C9-41EC-40F8-AC9C-E423368E5498} = {644C53D4-472A-4DC3-9309-8283760C5076}
		{432D9346-DAED-4258-87D4-E3C336D81421} = {AA8506BD-7323-40FA-911B-E0BF80E619A4}
		{FCFD0396-4834-4E61-8AD8-F6ABF7E1997D} = {AA8506BD-7323-40FA-911B-E0BF80E619A4}
		{F38E504A-26F4-4B58-A381-A035C9CA0374} = {AA8506BD-7323-40FA-911B-E0BF80E619A4}
		{380728E2-5F7D-4750-A9E3-35696329437F} = {B3896FF6-4862-4A26-A330-4BE5A53543F6}
		{2C2B39F0-47F1-48DC-84C1-EA981421D7D0} = {380728E2-5F7D-4750-A9E3-35696329437F}
		{1C25FCBA-38FB-4A98-92C3-4ABABF64D56F} = {B3896FF6-4862-4A26-A330-4BE5A53543F6}
		{71F9D8A8-075E-45E4-8252-B393DF1A2047} = {1C25FCBA-38FB-4A98-92C3-4ABABF64D56F}
		{3C3E132B-E8DC-4449-9A9D-AF12D16DE614} = {1C25FCBA-38FB-4A98-92C3-4ABABF64D56F}
		{FFBDCD26-E75F-4C17-9F65-24E81F10988C} = {1C25FCBA-38FB-4A98-92C3-4ABABF64D56F}
		{B06D00C5-BC93-427A-B84E-2A0930D021DD} = {1C25FCBA-38FB-4A98-92C3-4ABABF64D56F}
		{9CD97E99-A621-402E-A0E6-EEC39EA471E7} = {644C53D4-472A-4DC3-9309-8283760C5076}
		{D059EAD4-2D06-40AD-9162-56AF39C2698D} = {B3896FF6-4862-4A26-A330-4BE5A53543F6}
		{EB4E8632-A394-45CE-88A0-7ADC05FFBE33} = {D059EAD4-2D06-40AD-9162-56AF39C2698D}
		{4804A251-C93C-4F65-AD92-C61B2BBFA56D} = {644C53D4-472A-4DC3-9309-8283760C5076}
	EndGlobalSection
	GlobalSection(ExtensibilityGlobals) = postSolution
		SolutionGuid = {2E4E2E10-55A4-4C8F-B501-DCB068C12862}
	EndGlobalSection
EndGlobal
